
Microsoft Visual Studio Solution File, Format Version 12.00
# Visual Studio Version 17
VisualStudioVersion = 17.8.34322.80
MinimumVisualStudioVersion = 10.0.40219.1
Project("{FAE04EC0-301F-11D3-BF4B-00C04F79EFBC}") = "QLy_Dien_nuoc_KTX", "QLy_Dien_nuoc_KTX\QLy_Dien_nuoc_KTX.csproj", "{F5CEBA92-A0F5-4678-B517-E5248BEBE9FE}"
EndProject
Global
	GlobalSection(SolutionConfigurationPlatforms) = preSolution
		Debug|Any CPU = Debug|Any CPU
		Release|Any CPU = Release|Any CPU
	EndGlobalSection
	GlobalSection(ProjectConfigurationPlatforms) = postSolution
		{F5CEBA92-A0F5-4678-B517-E5248BEBE9FE}.Debug|Any CPU.ActiveCfg = Debug|Any CPU
		{F5CEBA92-A0F5-4678-B517-E5248BEBE9FE}.Debug|Any CPU.Build.0 = Debug|Any CPU
		{F5CEBA92-A0F5-4678-B517-E5248BEBE9FE}.Release|Any CPU.ActiveCfg = Release|Any CPU
		{F5CEBA92-A0F5-4678-B517-E5248BEBE9FE}.Release|Any CPU.Build.0 = Release|Any CPU
	EndGlobalSection
	GlobalSection(SolutionProperties) = preSolution
		HideSolutionNode = FALSE
	EndGlobalSection
	GlobalSection(ExtensibilityGlobals) = postSolution
		SolutionGuid = {E7FBEBE5-E48A-4C95-AA3A-4054C30C3E55}
	EndGlobalSection
EndGlobal
